
Microsoft Visual Studio Solution File, Format Version 12.00
# Visual Studio Version 16
VisualStudioVersion = 16.0.29519.181
MinimumVisualStudioVersion = 10.0.40219.1
Project("{FAE04EC0-301F-11D3-BF4B-00C04F79EFBC}") = "PInvoker", "PInvoker.csproj", "{975BAB10-501D-4D83-932F-F6E300F75E2A}"
EndProject
Project("{FAE04EC0-301F-11D3-BF4B-00C04F79EFBC}") = "PInvokerTests", "PInvokerTests\PInvokerTests.csproj", "{365E4F09-CA2D-4978-9945-B6D6D733EDBF}"
EndProject
Global
	GlobalSection(SolutionConfigurationPlatforms) = preSolution
		Debug|Any CPU = Debug|Any CPU
		Release|Any CPU = Release|Any CPU
	EndGlobalSection
	GlobalSection(ProjectConfigurationPlatforms) = postSolution
		{975BAB10-501D-4D83-932F-F6E300F75E2A}.Debug|Any CPU.ActiveCfg = Debug|Any CPU
		{975BAB10-501D-4D83-932F-F6E300F75E2A}.Debug|Any CPU.Build.0 = Debug|Any CPU
		{975BAB10-501D-4D83-932F-F6E300F75E2A}.Release|Any CPU.ActiveCfg = Release|Any CPU
		{975BAB10-501D-4D83-932F-F6E300F75E2A}.Release|Any CPU.Build.0 = Release|Any CPU
		{365E4F09-CA2D-4978-9945-B6D6D733EDBF}.Debug|Any CPU.ActiveCfg = Debug|Any CPU
		{365E4F09-CA2D-4978-9945-B6D6D733EDBF}.Debug|Any CPU.Build.0 = Debug|Any CPU
		{365E4F09-CA2D-4978-9945-B6D6D733EDBF}.Release|Any CPU.ActiveCfg = Release|Any CPU
		{365E4F09-CA2D-4978-9945-B6D6D733EDBF}.Release|Any CPU.Build.0 = Release|Any CPU
	EndGlobalSection
	GlobalSection(SolutionProperties) = preSolution
		HideSolutionNode = FALSE
	EndGlobalSection
	GlobalSection(ExtensibilityGlobals) = postSolution
		SolutionGuid = {AE803E8E-D478-40CA-9B9F-B790CC86D38B}
	EndGlobalSection
EndGlobal
